
Microsoft Visual Studio Solution File, Format Version 12.00
# Visual Studio 14
VisualStudioVersion = 14.0.23107.0
MinimumVisualStudioVersion = 10.0.40219.1
Project("{FAE04EC0-301F-11D3-BF4B-00C04F79EFBC}") = "SensorMonitor.API", "SensorMonitor.API\SensorMonitor.API.csproj", "{C8B085BC-5933-487F-9375-7EDE5D7C174E}"
EndProject
Project("{FAE04EC0-301F-11D3-BF4B-00C04F79EFBC}") = "SensorMonitor.Domain", "SensorMonitor.Domain\SensorMonitor.Domain.csproj", "{2D5B918F-8C28-47BC-BCC8-28FF1801C7C2}"
EndProject
Project("{FAE04EC0-301F-11D3-BF4B-00C04F79EFBC}") = "SensorMonitor.Core", "SensorMonitor.Core\SensorMonitor.Core.csproj", "{ABA4694B-4FB9-4E9C-B2F9-00FD73D50961}"
EndProject
Global
	GlobalSection(SolutionConfigurationPlatforms) = preSolution
		Debug|Any CPU = Debug|Any CPU
		Release|Any CPU = Release|Any CPU
	EndGlobalSection
	GlobalSection(ProjectConfigurationPlatforms) = postSolution
		{C8B085BC-5933-487F-9375-7EDE5D7C174E}.Debug|Any CPU.ActiveCfg = Debug|Any CPU
		{C8B085BC-5933-487F-9375-7EDE5D7C174E}.Debug|Any CPU.Build.0 = Debug|Any CPU
		{C8B085BC-5933-487F-9375-7EDE5D7C174E}.Release|Any CPU.ActiveCfg = Release|Any CPU
		{C8B085BC-5933-487F-9375-7EDE5D7C174E}.Release|Any CPU.Build.0 = Release|Any CPU
		{2D5B918F-8C28-47BC-BCC8-28FF1801C7C2}.Debug|Any CPU.ActiveCfg = Debug|Any CPU
		{2D5B918F-8C28-47BC-BCC8-28FF1801C7C2}.Debug|Any CPU.Build.0 = Debug|Any CPU
		{2D5B918F-8C28-47BC-BCC8-28FF1801C7C2}.Release|Any CPU.ActiveCfg = Release|Any CPU
		{2D5B918F-8C28-47BC-BCC8-28FF1801C7C2}.Release|Any CPU.Build.0 = Release|Any CPU
		{ABA4694B-4FB9-4E9C-B2F9-00FD73D50961}.Debug|Any CPU.ActiveCfg = Debug|Any CPU
		{ABA4694B-4FB9-4E9C-B2F9-00FD73D50961}.Debug|Any CPU.Build.0 = Debug|Any CPU
		{ABA4694B-4FB9-4E9C-B2F9-00FD73D50961}.Release|Any CPU.ActiveCfg = Release|Any CPU
		{ABA4694B-4FB9-4E9C-B2F9-00FD73D50961}.Release|Any CPU.Build.0 = Release|Any CPU
	EndGlobalSection
	GlobalSection(SolutionProperties) = preSolution
		HideSolutionNode = FALSE
	EndGlobalSection
EndGlobal
